{
  "name": "proyectoreloco",
  "version": "0.0.1",
  "lockfileVersion": 3,
  "requires": true,
  "packages": {
    "": {
      "name": "proyectoreloco",
      "version": "0.0.1",
      "license": "MIT",
      "dependencies": {
        "sweetalert2": "^11.12.4"
      }
    },
    "node_modules/sweetalert2": {
      "version": "11.12.4",
      "resolved": "https://registry.npmjs.org/sweetalert2/-/sweetalert2-11.12.4.tgz",
      "integrity": "sha512-ZSpyaLbAmn4b7xjnV9x9BFD1UOrCAhIzm1D8dZ443kGxtVKqbTIA5SgXs4xeEtmFfEXUyC3RBgpSlu1AXmCiHA==",
      "license": "MIT",
      "funding": {
        "type": "individual",
        "url": "https://github.com/sponsors/limonte"
      }
    }
  }
}
